
Microsoft Visual Studio Solution File, Format Version 12.00
Project("{FAE04EC0-301F-11D3-BF4B-00C04F79EFBC}") = "Sample01.RequiredKeyword", "Sample01.RequiredKeyword\Sample01.RequiredKeyword.csproj", "{ED66BF98-5478-49AF-A65A-28DE5DE938FE}"
EndProject
Project("{FAE04EC0-301F-11D3-BF4B-00C04F79EFBC}") = "Sample02.RequiredKeyword.SetsRequiredMembers", "Sample02.RequiredKeyword.SetsRequiredMembers\Sample02.RequiredKeyword.SetsRequiredMembers.csproj", "{00646B1F-F5D4-4E83-9E36-81EA6571B00B}"
EndProject
Project("{FAE04EC0-301F-11D3-BF4B-00C04F79EFBC}") = "Sample03.RequiredKeyword.WebApi.NSwag", "Sample03.RequiredKeyword.WebApi.NSwag\Sample03.RequiredKeyword.WebApi.NSwag.csproj", "{F27CDB91-B801-4D4E-986B-354801A41494}"
EndProject
Project("{FAE04EC0-301F-11D3-BF4B-00C04F79EFBC}") = "Sample04.RequiredKeyword.System.Text.Json", "Sample04.RequiredKeyword.System.Text.Json\Sample04.RequiredKeyword.System.Text.Json.csproj", "{5A4903F2-0C7B-4B62-B6F3-551B36D54558}"
EndProject
Project("{FAE04EC0-301F-11D3-BF4B-00C04F79EFBC}") = "Sample05.RequiredKeyword.Newtonsoft.Json", "Sample05.RequiredKeyword.Newtonsoft.Json\Sample05.RequiredKeyword.Newtonsoft.Json.csproj", "{A760C230-12F2-4D7C-AFF5-6CF486EBBE96}"
EndProject
Project("{FAE04EC0-301F-11D3-BF4B-00C04F79EFBC}") = "Sample06.RawStringLiterals", "Sample06.RawStringLiterals\Sample06.RawStringLiterals.csproj", "{4472A387-E652-40B8-AFDE-5877DC0D71C6}"
EndProject
Project("{FAE04EC0-301F-11D3-BF4B-00C04F79EFBC}") = "Sample07.StaticAbstracts.GenericMath", "Sample07.StaticAbstracts.GenericMath\Sample07.StaticAbstracts.GenericMath.csproj", "{3ED049B4-ED91-4B3D-83F0-5A4AE20CC4BE}"
EndProject
Project("{FAE04EC0-301F-11D3-BF4B-00C04F79EFBC}") = "Sample08.StaticAbstracts.Validation", "Sample08.StaticAbstracts.Validation\Sample08.StaticAbstracts.Validation.csproj", "{D5B0022E-3C4B-49ED-AEA9-ED0795F9F0E0}"
EndProject
Project("{FAE04EC0-301F-11D3-BF4B-00C04F79EFBC}") = "SampleExtra01.ExtendedNameofScope", "SampleExtra01.ExtendedNameofScope\SampleExtra01.ExtendedNameofScope.csproj", "{C70FDFDA-18CF-4EF4-BFAD-7BBDD1568C70}"
EndProject
Project("{FAE04EC0-301F-11D3-BF4B-00C04F79EFBC}") = "Sample09.StaticAbstracts.Factory", "Sample09.StaticAbstracts.Factory\Sample09.StaticAbstracts.Factory.csproj", "{D179EA1C-F39E-4257-BADC-97C44CA8E84C}"
EndProject
Project("{FAE04EC0-301F-11D3-BF4B-00C04F79EFBC}") = "Sample10.StaticAbstracts.MinimalApi", "Sample10.StaticAbstracts.MinimalApi\Sample10.StaticAbstracts.MinimalApi.csproj", "{98879B44-943D-45B1-991B-F29639BE877B}"
EndProject
Project("{FAE04EC0-301F-11D3-BF4B-00C04F79EFBC}") = "Sample11.RateLimiting", "Sample11.RateLimiting\Sample11.RateLimiting.csproj", "{B198632C-4E53-44D8-9365-BC0B47BE15E6}"
EndProject
Project("{FAE04EC0-301F-11D3-BF4B-00C04F79EFBC}") = "Sample12.RateLimiting.Controllers", "Sample12.RateLimiting.Controllers\Sample12.RateLimiting.Controllers.csproj", "{66FAC824-66AE-4C03-8968-66E93FC6CB8E}"
EndProject
Project("{FAE04EC0-301F-11D3-BF4B-00C04F79EFBC}") = "Sample13.RateLimiting.CustomPolicy", "Sample13.RateLimiting.CustomPolicy\Sample13.RateLimiting.CustomPolicy.csproj", "{0CCA966A-D2E9-41CF-B8CA-8B314BCE2460}"
EndProject
Global
	GlobalSection(SolutionConfigurationPlatforms) = preSolution
		Debug|Any CPU = Debug|Any CPU
		Release|Any CPU = Release|Any CPU
	EndGlobalSection
	GlobalSection(ProjectConfigurationPlatforms) = postSolution
		{ED66BF98-5478-49AF-A65A-28DE5DE938FE}.Debug|Any CPU.ActiveCfg = Debug|Any CPU
		{ED66BF98-5478-49AF-A65A-28DE5DE938FE}.Debug|Any CPU.Build.0 = Debug|Any CPU
		{ED66BF98-5478-49AF-A65A-28DE5DE938FE}.Release|Any CPU.ActiveCfg = Release|Any CPU
		{ED66BF98-5478-49AF-A65A-28DE5DE938FE}.Release|Any CPU.Build.0 = Release|Any CPU
		{00646B1F-F5D4-4E83-9E36-81EA6571B00B}.Debug|Any CPU.ActiveCfg = Debug|Any CPU
		{00646B1F-F5D4-4E83-9E36-81EA6571B00B}.Debug|Any CPU.Build.0 = Debug|Any CPU
		{00646B1F-F5D4-4E83-9E36-81EA6571B00B}.Release|Any CPU.ActiveCfg = Release|Any CPU
		{00646B1F-F5D4-4E83-9E36-81EA6571B00B}.Release|Any CPU.Build.0 = Release|Any CPU
		{F27CDB91-B801-4D4E-986B-354801A41494}.Debug|Any CPU.ActiveCfg = Debug|Any CPU
		{F27CDB91-B801-4D4E-986B-354801A41494}.Debug|Any CPU.Build.0 = Debug|Any CPU
		{F27CDB91-B801-4D4E-986B-354801A41494}.Release|Any CPU.ActiveCfg = Release|Any CPU
		{F27CDB91-B801-4D4E-986B-354801A41494}.Release|Any CPU.Build.0 = Release|Any CPU
		{5A4903F2-0C7B-4B62-B6F3-551B36D54558}.Debug|Any CPU.ActiveCfg = Debug|Any CPU
		{5A4903F2-0C7B-4B62-B6F3-551B36D54558}.Debug|Any CPU.Build.0 = Debug|Any CPU
		{5A4903F2-0C7B-4B62-B6F3-551B36D54558}.Release|Any CPU.ActiveCfg = Release|Any CPU
		{5A4903F2-0C7B-4B62-B6F3-551B36D54558}.Release|Any CPU.Build.0 = Release|Any CPU
		{A760C230-12F2-4D7C-AFF5-6CF486EBBE96}.Debug|Any CPU.ActiveCfg = Debug|Any CPU
		{A760C230-12F2-4D7C-AFF5-6CF486EBBE96}.Debug|Any CPU.Build.0 = Debug|Any CPU
		{A760C230-12F2-4D7C-AFF5-6CF486EBBE96}.Release|Any CPU.ActiveCfg = Release|Any CPU
		{A760C230-12F2-4D7C-AFF5-6CF486EBBE96}.Release|Any CPU.Build.0 = Release|Any CPU
		{4472A387-E652-40B8-AFDE-5877DC0D71C6}.Debug|Any CPU.ActiveCfg = Debug|Any CPU
		{4472A387-E652-40B8-AFDE-5877DC0D71C6}.Debug|Any CPU.Build.0 = Debug|Any CPU
		{4472A387-E652-40B8-AFDE-5877DC0D71C6}.Release|Any CPU.ActiveCfg = Release|Any CPU
		{4472A387-E652-40B8-AFDE-5877DC0D71C6}.Release|Any CPU.Build.0 = Release|Any CPU
		{C70FDFDA-18CF-4EF4-BFAD-7BBDD1568C70}.Debug|Any CPU.ActiveCfg = Debug|Any CPU
		{C70FDFDA-18CF-4EF4-BFAD-7BBDD1568C70}.Debug|Any CPU.Build.0 = Debug|Any CPU
		{C70FDFDA-18CF-4EF4-BFAD-7BBDD1568C70}.Release|Any CPU.ActiveCfg = Release|Any CPU
		{C70FDFDA-18CF-4EF4-BFAD-7BBDD1568C70}.Release|Any CPU.Build.0 = Release|Any CPU
		{D5B0022E-3C4B-49ED-AEA9-ED0795F9F0E0}.Debug|Any CPU.ActiveCfg = Debug|Any CPU
		{D5B0022E-3C4B-49ED-AEA9-ED0795F9F0E0}.Debug|Any CPU.Build.0 = Debug|Any CPU
		{D5B0022E-3C4B-49ED-AEA9-ED0795F9F0E0}.Release|Any CPU.ActiveCfg = Release|Any CPU
		{D5B0022E-3C4B-49ED-AEA9-ED0795F9F0E0}.Release|Any CPU.Build.0 = Release|Any CPU
		{3ED049B4-ED91-4B3D-83F0-5A4AE20CC4BE}.Debug|Any CPU.ActiveCfg = Debug|Any CPU
		{3ED049B4-ED91-4B3D-83F0-5A4AE20CC4BE}.Debug|Any CPU.Build.0 = Debug|Any CPU
		{3ED049B4-ED91-4B3D-83F0-5A4AE20CC4BE}.Release|Any CPU.ActiveCfg = Release|Any CPU
		{3ED049B4-ED91-4B3D-83F0-5A4AE20CC4BE}.Release|Any CPU.Build.0 = Release|Any CPU
		{D179EA1C-F39E-4257-BADC-97C44CA8E84C}.Debug|Any CPU.ActiveCfg = Debug|Any CPU
		{D179EA1C-F39E-4257-BADC-97C44CA8E84C}.Debug|Any CPU.Build.0 = Debug|Any CPU
		{D179EA1C-F39E-4257-BADC-97C44CA8E84C}.Release|Any CPU.ActiveCfg = Release|Any CPU
		{D179EA1C-F39E-4257-BADC-97C44CA8E84C}.Release|Any CPU.Build.0 = Release|Any CPU
		{98879B44-943D-45B1-991B-F29639BE877B}.Debug|Any CPU.ActiveCfg = Debug|Any CPU
		{98879B44-943D-45B1-991B-F29639BE877B}.Debug|Any CPU.Build.0 = Debug|Any CPU
		{98879B44-943D-45B1-991B-F29639BE877B}.Release|Any CPU.ActiveCfg = Release|Any CPU
		{98879B44-943D-45B1-991B-F29639BE877B}.Release|Any CPU.Build.0 = Release|Any CPU
		{B198632C-4E53-44D8-9365-BC0B47BE15E6}.Debug|Any CPU.ActiveCfg = Debug|Any CPU
		{B198632C-4E53-44D8-9365-BC0B47BE15E6}.Debug|Any CPU.Build.0 = Debug|Any CPU
		{B198632C-4E53-44D8-9365-BC0B47BE15E6}.Release|Any CPU.ActiveCfg = Release|Any CPU
		{B198632C-4E53-44D8-9365-BC0B47BE15E6}.Release|Any CPU.Build.0 = Release|Any CPU
		{66FAC824-66AE-4C03-8968-66E93FC6CB8E}.Debug|Any CPU.ActiveCfg = Debug|Any CPU
		{66FAC824-66AE-4C03-8968-66E93FC6CB8E}.Debug|Any CPU.Build.0 = Debug|Any CPU
		{66FAC824-66AE-4C03-8968-66E93FC6CB8E}.Release|Any CPU.ActiveCfg = Release|Any CPU
		{66FAC824-66AE-4C03-8968-66E93FC6CB8E}.Release|Any CPU.Build.0 = Release|Any CPU
		{0CCA966A-D2E9-41CF-B8CA-8B314BCE2460}.Debug|Any CPU.ActiveCfg = Debug|Any CPU
		{0CCA966A-D2E9-41CF-B8CA-8B314BCE2460}.Debug|Any CPU.Build.0 = Debug|Any CPU
		{0CCA966A-D2E9-41CF-B8CA-8B314BCE2460}.Release|Any CPU.ActiveCfg = Release|Any CPU
		{0CCA966A-D2E9-41CF-B8CA-8B314BCE2460}.Release|Any CPU.Build.0 = Release|Any CPU
	EndGlobalSection
EndGlobal
